{
  "name": "ajs-hw3-2",
  "version": "1.0.0",
  "lockfileVersion": 3,
  "requires": true,
  "packages": {
    "": {
      "name": "ajs-hw3-2",
      "version": "1.0.0",
      "license": "ISC",
      "dependencies": {
        "@renatarakhmanina/ajs-hw3": "^1.0.0"
      }
    },
    "node_modules/@renatarakhmanina/ajs-hw3": {
      "version": "1.0.0",
      "resolved": "https://npm.pkg.github.com/download/@renatarakhmanina/ajs-hw3/1.0.0/12cbca9a1a8e70168db92240dad69e4e802c0870",
      "integrity": "sha512-FrHtJSEokVS0Edj/pPujJOhyixTtzMSwg5EQSlp1HoAXQWZ3kjU00bu9sOhQ8USMKPCx57wlsulB5kxrmW94tA==",
      "license": "ISC"
    }
  }
}
